
Microsoft Visual Studio Solution File, Format Version 12.00
# Visual Studio Version 17
VisualStudioVersion = 17.6.33723.286
MinimumVisualStudioVersion = 10.0.40219.1
Project("{9A19103F-16F7-4668-BE54-9A1E7A4F7556}") = "AccountMicroservice", "AccountMicroservice\AccountMicroservice.csproj", "{E51AED6C-8F7B-47AF-81F9-266B853441D7}"
EndProject
Project("{9A19103F-16F7-4668-BE54-9A1E7A4F7556}") = "TransactionMicroservice", "TransactionMicroservice\TransactionMicroservice.csproj", "{3F4D3A42-5B62-4345-8E78-6B9B9D2CAAF3}"
EndProject
Global
	GlobalSection(SolutionConfigurationPlatforms) = preSolution
		Debug|Any CPU = Debug|Any CPU
		Release|Any CPU = Release|Any CPU
	EndGlobalSection
	GlobalSection(ProjectConfigurationPlatforms) = postSolution
		{E51AED6C-8F7B-47AF-81F9-266B853441D7}.Debug|Any CPU.ActiveCfg = Debug|Any CPU
		{E51AED6C-8F7B-47AF-81F9-266B853441D7}.Debug|Any CPU.Build.0 = Debug|Any CPU
		{E51AED6C-8F7B-47AF-81F9-266B853441D7}.Release|Any CPU.ActiveCfg = Release|Any CPU
		{E51AED6C-8F7B-47AF-81F9-266B853441D7}.Release|Any CPU.Build.0 = Release|Any CPU
		{3F4D3A42-5B62-4345-8E78-6B9B9D2CAAF3}.Debug|Any CPU.ActiveCfg = Debug|Any CPU
		{3F4D3A42-5B62-4345-8E78-6B9B9D2CAAF3}.Debug|Any CPU.Build.0 = Debug|Any CPU
		{3F4D3A42-5B62-4345-8E78-6B9B9D2CAAF3}.Release|Any CPU.ActiveCfg = Release|Any CPU
		{3F4D3A42-5B62-4345-8E78-6B9B9D2CAAF3}.Release|Any CPU.Build.0 = Release|Any CPU
	EndGlobalSection
	GlobalSection(SolutionProperties) = preSolution
		HideSolutionNode = FALSE
	EndGlobalSection
	GlobalSection(ExtensibilityGlobals) = postSolution
		SolutionGuid = {B0EEDF9F-88EA-4806-A897-AF431B624365}
	EndGlobalSection
EndGlobal
